// !$*UTF8*$!
{
	archiveVersion = 1;
	classes = {
	};
	objectVersion = 51;
	objects = {

/* Begin PBXBuildFile section */
		37E129ECAA7FBC5DDB14D2D3 /* Pods_07_GesturesAndCoco_07_GesturesAndCocoUITests.framework in Frameworks */ = {isa = PBXBuildFile; fileRef = 5A338601FE137B9071987DC1 /* Pods_07_GesturesAndCoco_07_GesturesAndCocoUITests.framework */; };
		8431B2F3AD1C7B86D13E7DB4 /* Pods_07_GesturesAndCoco.framework in Frameworks */ = {isa = PBXBuildFile; fileRef = 3AB2919E02440718750B38B5 /* Pods_07_GesturesAndCoco.framework */; };
		95C52671256BDCEF00F75FDB /* AppDelegate.swift in Sources */ = {isa = PBXBuildFile; fileRef = 95C52670256BDCEF00F75FDB /* AppDelegate.swift */; };
		95C52673256BDCEF00F75FDB /* SceneDelegate.swift in Sources */ = {isa = PBXBuildFile; fileRef = 95C52672256BDCEF00F75FDB /* SceneDelegate.swift */; };
		95C52675256BDCEF00F75FDB /* ViewController.swift in Sources */ = {isa = PBXBuildFile; fileRef = 95C52674256BDCEF00F75FDB /* ViewController.swift */; };
		95C52678256BDCEF00F75FDB /* Main.storyboard in Resources */ = {isa = PBXBuildFile; fileRef = 95C52676256BDCEF00F75FDB /* Main.storyboard */; };
		95C5267A256BDCF100F75FDB /* Assets.xcassets in Resources */ = {isa = PBXBuildFile; fileRef = 95C52679256BDCF100F75FDB /* Assets.xcassets */; };
		95C5267D256BDCF100F75FDB /* LaunchScreen.storyboard in Resources */ = {isa = PBXBuildFile; fileRef = 95C5267B256BDCF100F75FDB /* LaunchScreen.storyboard */; };
		95C52688256BDCF100F75FDB /* _7_GesturesAndCocoTests.swift in Sources */ = {isa = PBXBuildFile; fileRef = 95C52687256BDCF100F75FDB /* _7_GesturesAndCocoTests.swift */; };
		95C52693256BDCF100F75FDB /* _7_GesturesAndCocoUITests.swift in Sources */ = {isa = PBXBuildFile; fileRef = 95C52692256BDCF100F75FDB /* _7_GesturesAndCocoUITests.swift */; };
		95C526BD256BE7EA00F75FDB /* ColorPicker.swift in Sources */ = {isa = PBXBuildFile; fileRef = 95C526BC256BE7EA00F75FDB /* ColorPicker.swift */; };
		9750B1873E570C8104F2FC62 /* Pods_07_GesturesAndCocoTests.framework in Frameworks */ = {isa = PBXBuildFile; fileRef = B60F76DAA98D2A7FE63B75AA /* Pods_07_GesturesAndCocoTests.framework */; };
/* End PBXBuildFile section */

/* Begin PBXContainerItemProxy section */
		95C52684256BDCF100F75FDB /* PBXContainerItemProxy */ = {
			isa = PBXContainerItemProxy;
			containerPortal = 95C52665256BDCEF00F75FDB /* Project object */;
			proxyType = 1;
			remoteGlobalIDString = 95C5266C256BDCEF00F75FDB;
			remoteInfo = "07-GesturesAndCoco";
		};
		95C5268F256BDCF100F75FDB /* PBXContainerItemProxy */ = {
			isa = PBXContainerItemProxy;
			containerPortal = 95C52665256BDCEF00F75FDB /* Project object */;
			proxyType = 1;
			remoteGlobalIDString = 95C5266C256BDCEF00F75FDB;
			remoteInfo = "07-GesturesAndCoco";
		};
/* End PBXContainerItemProxy section */

/* Begin PBXFileReference section */
		2B4A431A33662FE947649327 /* Pods-07-GesturesAndCoco-07-GesturesAndCocoUITests.debug.xcconfig */ = {isa = PBXFileReference; includeInIndex = 1; lastKnownFileType = text.xcconfig; name = "Pods-07-GesturesAndCoco-07-GesturesAndCocoUITests.debug.xcconfig"; path = "Target Support Files/Pods-07-GesturesAndCoco-07-GesturesAndCocoUITests/Pods-07-GesturesAndCoco-07-GesturesAndCocoUITests.debug.xcconfig"; sourceTree = "<group>"; };
		3AB2919E02440718750B38B5 /* Pods_07_GesturesAndCoco.framework */ = {isa = PBXFileReference; explicitFileType = wrapper.framework; includeInIndex = 0; path = Pods_07_GesturesAndCoco.framework; sourceTree = BUILT_PRODUCTS_DIR; };
		5A338601FE137B9071987DC1 /* Pods_07_GesturesAndCoco_07_GesturesAndCocoUITests.framework */ = {isa = PBXFileReference; explicitFileType = wrapper.framework; includeInIndex = 0; path = Pods_07_GesturesAndCoco_07_GesturesAndCocoUITests.framework; sourceTree = BUILT_PRODUCTS_DIR; };
		85BD487D778F383A6962094E /* Pods-07-GesturesAndCoco.debug.xcconfig */ = {isa = PBXFileReference; includeInIndex = 1; lastKnownFileType = text.xcconfig; name = "Pods-07-GesturesAndCoco.debug.xcconfig"; path = "Target Support Files/Pods-07-GesturesAndCoco/Pods-07-GesturesAndCoco.debug.xcconfig"; sourceTree = "<group>"; };
		95C5266D256BDCEF00F75FDB /* 07-GesturesAndCoco.app */ = {isa = PBXFileReference; explicitFileType = wrapper.application; includeInIndex = 0; path = "07-GesturesAndCoco.app"; sourceTree = BUILT_PRODUCTS_DIR; };
		95C52670256BDCEF00F75FDB /* AppDelegate.swift */ = {isa = PBXFileReference; lastKnownFileType = sourcecode.swift; path = AppDelegate.swift; sourceTree = "<group>"; };
		95C52672256BDCEF00F75FDB /* SceneDelegate.swift */ = {isa = PBXFileReference; lastKnownFileType = sourcecode.swift; path = SceneDelegate.swift; sourceTree = "<group>"; };
		95C52674256BDCEF00F75FDB /* ViewController.swift */ = {isa = PBXFileReference; lastKnownFileType = sourcecode.swift; path = ViewController.swift; sourceTree = "<group>"; };
		95C52677256BDCEF00F75FDB /* Base */ = {isa = PBXFileReference; lastKnownFileType = file.storyboard; name = Base; path = Base.lproj/Main.storyboard; sourceTree = "<group>"; };
		95C52679256BDCF100F75FDB /* Assets.xcassets */ = {isa = PBXFileReference; lastKnownFileType = folder.assetcatalog; path = Assets.xcassets; sourceTree = "<group>"; };
		95C5267C256BDCF100F75FDB /* Base */ = {isa = PBXFileReference; lastKnownFileType = file.storyboard; name = Base; path = Base.lproj/LaunchScreen.storyboard; sourceTree = "<group>"; };
		95C5267E256BDCF100F75FDB /* Info.plist */ = {isa = PBXFileReference; lastKnownFileType = text.plist.xml; path = Info.plist; sourceTree = "<group>"; };
		95C52683256BDCF100F75FDB /* 07-GesturesAndCocoTests.xctest */ = {isa = PBXFileReference; explicitFileType = wrapper.cfbundle; includeInIndex = 0; path = "07-GesturesAndCocoTests.xctest"; sourceTree = BUILT_PRODUCTS_DIR; };
		95C52687256BDCF100F75FDB /* _7_GesturesAndCocoTests.swift */ = {isa = PBXFileReference; lastKnownFileType = sourcecode.swift; path = _7_GesturesAndCocoTests.swift; sourceTree = "<group>"; };
		95C52689256BDCF100F75FDB /* Info.plist */ = {isa = PBXFileReference; lastKnownFileType = text.plist.xml; path = Info.plist; sourceTree = "<group>"; };
		95C5268E256BDCF100F75FDB /* 07-GesturesAndCocoUITests.xctest */ = {isa = PBXFileReference; explicitFileType = wrapper.cfbundle; includeInIndex = 0; path = "07-GesturesAndCocoUITests.xctest"; sourceTree = BUILT_PRODUCTS_DIR; };
		95C52692256BDCF100F75FDB /* _7_GesturesAndCocoUITests.swift */ = {isa = PBXFileReference; lastKnownFileType = sourcecode.swift; path = _7_GesturesAndCocoUITests.swift; sourceTree = "<group>"; };
		95C52694256BDCF100F75FDB /* Info.plist */ = {isa = PBXFileReference; lastKnownFileType = text.plist.xml; path = Info.plist; sourceTree = "<group>"; };
		95C526BC256BE7EA00F75FDB /* ColorPicker.swift */ = {isa = PBXFileReference; lastKnownFileType = sourcecode.swift; path = ColorPicker.swift; sourceTree = "<group>"; };
		AC687958F540904F1848D841 /* Pods-07-GesturesAndCocoTests.release.xcconfig */ = {isa = PBXFileReference; includeInIndex = 1; lastKnownFileType = text.xcconfig; name = "Pods-07-GesturesAndCocoTests.release.xcconfig"; path = "Target Support Files/Pods-07-GesturesAndCocoTests/Pods-07-GesturesAndCocoTests.release.xcconfig"; sourceTree = "<group>"; };
		B60F76DAA98D2A7FE63B75AA /* Pods_07_GesturesAndCocoTests.framework */ = {isa = PBXFileReference; explicitFileType = wrapper.framework; includeInIndex = 0; path = Pods_07_GesturesAndCocoTests.framework; sourceTree = BUILT_PRODUCTS_DIR; };
		B975C53DA1953E07CE93917D /* Pods-07-GesturesAndCoco.release.xcconfig */ = {isa = PBXFileReference; includeInIndex = 1; lastKnownFileType = text.xcconfig; name = "Pods-07-GesturesAndCoco.release.xcconfig"; path = "Target Support Files/Pods-07-GesturesAndCoco/Pods-07-GesturesAndCoco.release.xcconfig"; sourceTree = "<group>"; };
		BB99DC44D0D02782F2CEF913 /* Pods-07-GesturesAndCoco-07-GesturesAndCocoUITests.release.xcconfig */ = {isa = PBXFileReference; includeInIndex = 1; lastKnownFileType = text.xcconfig; name = "Pods-07-GesturesAndCoco-07-GesturesAndCocoUITests.release.xcconfig"; path = "Target Support Files/Pods-07-GesturesAndCoco-07-GesturesAndCocoUITests/Pods-07-GesturesAndCoco-07-GesturesAndCocoUITests.release.xcconfig"; sourceTree = "<group>"; };
		F873280C35E0C16DF60CB77E /* Pods-07-GesturesAndCocoTests.debug.xcconfig */ = {isa = PBXFileReference; includeInIndex = 1; lastKnownFileType = text.xcconfig; name = "Pods-07-GesturesAndCocoTests.debug.xcconfig"; path = "Target Support Files/Pods-07-GesturesAndCocoTests/Pods-07-GesturesAndCocoTests.debug.xcconfig"; sourceTree = "<group>"; };
/* End PBXFileReference section */

/* Begin PBXFrameworksBuildPhase section */
		95C5266A256BDCEF00F75FDB /* Frameworks */ = {
			isa = PBXFrameworksBuildPhase;
			buildActionMask = 2147483647;
			files = (
				8431B2F3AD1C7B86D13E7DB4 /* Pods_07_GesturesAndCoco.framework in Frameworks */,
			);
			runOnlyForDeploymentPostprocessing = 0;
		};
		95C52680256BDCF100F75FDB /* Frameworks */ = {
			isa = PBXFrameworksBuildPhase;
			buildActionMask = 2147483647;
			files = (
				9750B1873E570C8104F2FC62 /* Pods_07_GesturesAndCocoTests.framework in Frameworks */,
			);
			runOnlyForDeploymentPostprocessing = 0;
		};
		95C5268B256BDCF100F75FDB /* Frameworks */ = {
			isa = PBXFrameworksBuildPhase;
			buildActionMask = 2147483647;
			files = (
				37E129ECAA7FBC5DDB14D2D3 /* Pods_07_GesturesAndCoco_07_GesturesAndCocoUITests.framework in Frameworks */,
			);
			runOnlyForDeploymentPostprocessing = 0;
		};
/* End PBXFrameworksBuildPhase section */

/* Begin PBXGroup section */
		31951ACFB15E9068E966A63C /* Pods */ = {
			isa = PBXGroup;
			children = (
				85BD487D778F383A6962094E /* Pods-07-GesturesAndCoco.debug.xcconfig */,
				B975C53DA1953E07CE93917D /* Pods-07-GesturesAndCoco.release.xcconfig */,
				2B4A431A33662FE947649327 /* Pods-07-GesturesAndCoco-07-GesturesAndCocoUITests.debug.xcconfig */,
				BB99DC44D0D02782F2CEF913 /* Pods-07-GesturesAndCoco-07-GesturesAndCocoUITests.release.xcconfig */,
				F873280C35E0C16DF60CB77E /* Pods-07-GesturesAndCocoTests.debug.xcconfig */,
				AC687958F540904F1848D841 /* Pods-07-GesturesAndCocoTests.release.xcconfig */,
			);
			path = Pods;
			sourceTree = "<group>";
		};
		4C113D5DA1E6272FFD7A77D2 /* Frameworks */ = {
			isa = PBXGroup;
			children = (
				3AB2919E02440718750B38B5 /* Pods_07_GesturesAndCoco.framework */,
				5A338601FE137B9071987DC1 /* Pods_07_GesturesAndCoco_07_GesturesAndCocoUITests.framework */,
				B60F76DAA98D2A7FE63B75AA /* Pods_07_GesturesAndCocoTests.framework */,
			);
			name = Frameworks;
			sourceTree = "<group>";
		};
		95C52664256BDCEF00F75FDB = {
			isa = PBXGroup;
			children = (
				95C5266F256BDCEF00F75FDB /* 07-GesturesAndCoco */,
				95C52686256BDCF100F75FDB /* 07-GesturesAndCocoTests */,
				95C52691256BDCF100F75FDB /* 07-GesturesAndCocoUITests */,
				95C5266E256BDCEF00F75FDB /* Products */,
				31951ACFB15E9068E966A63C /* Pods */,
				4C113D5DA1E6272FFD7A77D2 /* Frameworks */,
			);
			sourceTree = "<group>";
		};
		95C5266E256BDCEF00F75FDB /* Products */ = {
			isa = PBXGroup;
			children = (
				95C5266D256BDCEF00F75FDB /* 07-GesturesAndCoco.app */,
				95C52683256BDCF100F75FDB /* 07-GesturesAndCocoTests.xctest */,
				95C5268E256BDCF100F75FDB /* 07-GesturesAndCocoUITests.xctest */,
			);
			name = Products;
			sourceTree = "<group>";
		};
		95C5266F256BDCEF00F75FDB /* 07-GesturesAndCoco */ = {
			isa = PBXGroup;
			children = (
				95C52670256BDCEF00F75FDB /* AppDelegate.swift */,
				95C52672256BDCEF00F75FDB /* SceneDelegate.swift */,
				95C52674256BDCEF00F75FDB /* ViewController.swift */,
				95C52676256BDCEF00F75FDB /* Main.storyboard */,
				95C52679256BDCF100F75FDB /* Assets.xcassets */,
				95C5267B256BDCF100F75FDB /* LaunchScreen.storyboard */,
				95C5267E256BDCF100F75FDB /* Info.plist */,
				95C526BC256BE7EA00F75FDB /* ColorPicker.swift */,
			);
			path = "07-GesturesAndCoco";
			sourceTree = "<group>";
		};
		95C52686256BDCF100F75FDB /* 07-GesturesAndCocoTests */ = {
			isa = PBXGroup;
			children = (
				95C52687256BDCF100F75FDB /* _7_GesturesAndCocoTests.swift */,
				95C52689256BDCF100F75FDB /* Info.plist */,
			);
			path = "07-GesturesAndCocoTests";
			sourceTree = "<group>";
		};
		95C52691256BDCF100F75FDB /* 07-GesturesAndCocoUITests */ = {
			isa = PBXGroup;
			children = (
				95C52692256BDCF100F75FDB /* _7_GesturesAndCocoUITests.swift */,
				95C52694256BDCF100F75FDB /* Info.plist */,
			);
			path = "07-GesturesAndCocoUITests";
			sourceTree = "<group>";
		};
/* End PBXGroup section */

/* Begin PBXNativeTarget section */
		95C5266C256BDCEF00F75FDB /* 07-GesturesAndCoco */ = {
			isa = PBXNativeTarget;
			buildConfigurationList = 95C52697256BDCF100F75FDB /* Build configuration list for PBXNativeTarget "07-GesturesAndCoco" */;
			buildPhases = (
				AE533315B74273A44C235C01 /* [CP] Check Pods Manifest.lock */,
				95C52669256BDCEF00F75FDB /* Sources */,
				95C5266A256BDCEF00F75FDB /* Frameworks */,
				95C5266B256BDCEF00F75FDB /* Resources */,
				A94C114CC4530BD6B7287CC8 /* [CP] Embed Pods Frameworks */,
			);
			buildRules = (
			);
			dependencies = (
			);
			name = "07-GesturesAndCoco";
			productName = "07-GesturesAndCoco";
			productReference = 95C5266D256BDCEF00F75FDB /* 07-GesturesAndCoco.app */;
			productType = "com.apple.product-type.application";
		};
		95C52682256BDCF100F75FDB /* 07-GesturesAndCocoTests */ = {
			isa = PBXNativeTarget;
			buildConfigurationList = 95C5269A256BDCF100F75FDB /* Build configuration list for PBXNativeTarget "07-GesturesAndCocoTests" */;
			buildPhases = (
				E90A2FDFEFBD475DD071AF3A /* [CP] Check Pods Manifest.lock */,
				95C5267F256BDCF100F75FDB /* Sources */,
				95C52680256BDCF100F75FDB /* Frameworks */,
				95C52681256BDCF100F75FDB /* Resources */,
			);
			buildRules = (
			);
			dependencies = (
				95C52685256BDCF100F75FDB /* PBXTargetDependency */,
			);
			name = "07-GesturesAndCocoTests";
			productName = "07-GesturesAndCocoTests";
			productReference = 95C52683256BDCF100F75FDB /* 07-GesturesAndCocoTests.xctest */;
			productType = "com.apple.product-type.bundle.unit-test";
		};
		95C5268D256BDCF100F75FDB /* 07-GesturesAndCocoUITests */ = {
			isa = PBXNativeTarget;
			buildConfigurationList = 95C5269D256BDCF100F75FDB /* Build configuration list for PBXNativeTarget "07-GesturesAndCocoUITests" */;
			buildPhases = (
				B210976D778D10862DA61AA9 /* [CP] Check Pods Manifest.lock */,
				95C5268A256BDCF100F75FDB /* Sources */,
				95C5268B256BDCF100F75FDB /* Frameworks */,
				95C5268C256BDCF100F75FDB /* Resources */,
				16764F5990BB01E839A3F345 /* [CP] Embed Pods Frameworks */,
			);
			buildRules = (
			);
			dependencies = (
				95C52690256BDCF100F75FDB /* PBXTargetDependency */,
			);
			name = "07-GesturesAndCocoUITests";
			productName = "07-GesturesAndCocoUITests";
			productReference = 95C5268E256BDCF100F75FDB /* 07-GesturesAndCocoUITests.xctest */;
			productType = "com.apple.product-type.bundle.ui-testing";
		};
/* End PBXNativeTarget section */

/* Begin PBXProject section */
		95C52665256BDCEF00F75FDB /* Project object */ = {
			isa = PBXProject;
			attributes = {
				LastSwiftUpdateCheck = 1220;
				LastUpgradeCheck = 1220;
				TargetAttributes = {
					95C5266C256BDCEF00F75FDB = {
						CreatedOnToolsVersion = 12.2;
					};
					95C52682256BDCF100F75FDB = {
						CreatedOnToolsVersion = 12.2;
						TestTargetID = 95C5266C256BDCEF00F75FDB;
					};
					95C5268D256BDCF100F75FDB = {
						CreatedOnToolsVersion = 12.2;
						TestTargetID = 95C5266C256BDCEF00F75FDB;
					};
				};
			};
			buildConfigurationList = 95C52668256BDCEF00F75FDB /* Build configuration list for PBXProject "07-GesturesAndCoco" */;
			compatibilityVersion = "Xcode 9.3";
			developmentRegion = en;
			hasScannedForEncodings = 0;
			knownRegions = (
				en,
				Base,
			);
			mainGroup = 95C52664256BDCEF00F75FDB;
			productRefGroup = 95C5266E256BDCEF00F75FDB /* Products */;
			projectDirPath = "";
			projectRoot = "";
			targets = (
				95C5266C256BDCEF00F75FDB /* 07-GesturesAndCoco */,
				95C52682256BDCF100F75FDB /* 07-GesturesAndCocoTests */,
				95C5268D256BDCF100F75FDB /* 07-GesturesAndCocoUITests */,
			);
		};
/* End PBXProject section */

/* Begin PBXResourcesBuildPhase section */
		95C5266B256BDCEF00F75FDB /* Resources */ = {
			isa = PBXResourcesBuildPhase;
			buildActionMask = 2147483647;
			files = (
				95C5267D256BDCF100F75FDB /* LaunchScreen.storyboard in Resources */,
				95C5267A256BDCF100F75FDB /* Assets.xcassets in Resources */,
				95C52678256BDCEF00F75FDB /* Main.storyboard in Resources */,
			);
			runOnlyForDeploymentPostprocessing = 0;
		};
		95C52681256BDCF100F75FDB /* Resources */ = {
			isa = PBXResourcesBuildPhase;
			buildActionMask = 2147483647;
			files = (
			);
			runOnlyForDeploymentPostprocessing = 0;
		};
		95C5268C256BDCF100F75FDB /* Resources */ = {
			isa = PBXResourcesBuildPhase;
			buildActionMask = 2147483647;
			files = (
			);
			runOnlyForDeploymentPostprocessing = 0;
		};
/* End PBXResourcesBuildPhase section */

/* Begin PBXShellScriptBuildPhase section */
		16764F5990BB01E839A3F345 /* [CP] Embed Pods Frameworks */ = {
			isa = PBXShellScriptBuildPhase;
			buildActionMask = 2147483647;
			files = (
			);
			inputFileListPaths = (
				"${PODS_ROOT}/Target Support Files/Pods-07-GesturesAndCoco-07-GesturesAndCocoUITests/Pods-07-GesturesAndCoco-07-GesturesAndCocoUITests-frameworks-${CONFIGURATION}-input-files.xcfilelist",
			);
			name = "[CP] Embed Pods Frameworks";
			outputFileListPaths = (
				"${PODS_ROOT}/Target Support Files/Pods-07-GesturesAndCoco-07-GesturesAndCocoUITests/Pods-07-GesturesAndCoco-07-GesturesAndCocoUITests-frameworks-${CONFIGURATION}-output-files.xcfilelist",
			);
			runOnlyForDeploymentPostprocessing = 0;
			shellPath = /bin/sh;
			shellScript = "\"${PODS_ROOT}/Target Support Files/Pods-07-GesturesAndCoco-07-GesturesAndCocoUITests/Pods-07-GesturesAndCoco-07-GesturesAndCocoUITests-frameworks.sh\"\n";
			showEnvVarsInLog = 0;
		};
		A94C114CC4530BD6B7287CC8 /* [CP] Embed Pods Frameworks */ = {
			isa = PBXShellScriptBuildPhase;
			buildActionMask = 2147483647;
			files = (
			);
			inputFileListPaths = (
				"${PODS_ROOT}/Target Support Files/Pods-07-GesturesAndCoco/Pods-07-GesturesAndCoco-frameworks-${CONFIGURATION}-input-files.xcfilelist",
			);
			name = "[CP] Embed Pods Frameworks";
			outputFileListPaths = (
				"${PODS_ROOT}/Target Support Files/Pods-07-GesturesAndCoco/Pods-07-GesturesAndCoco-frameworks-${CONFIGURATION}-output-files.xcfilelist",
			);
			runOnlyForDeploymentPostprocessing = 0;
			shellPath = /bin/sh;
			shellScript = "\"${PODS_ROOT}/Target Support Files/Pods-07-GesturesAndCoco/Pods-07-GesturesAndCoco-frameworks.sh\"\n";
			showEnvVarsInLog = 0;
		};
		AE533315B74273A44C235C01 /* [CP] Check Pods Manifest.lock */ = {
			isa = PBXShellScriptBuildPhase;
			buildActionMask = 2147483647;
			files = (
			);
			inputFileListPaths = (
			);
			inputPaths = (
				"${PODS_PODFILE_DIR_PATH}/Podfile.lock",
				"${PODS_ROOT}/Manifest.lock",
			);
			name = "[CP] Check Pods Manifest.lock";
			outputFileListPaths = (
			);
			outputPaths = (
				"$(DERIVED_FILE_DIR)/Pods-07-GesturesAndCoco-checkManifestLockResult.txt",
			);
			runOnlyForDeploymentPostprocessing = 0;
			shellPath = /bin/sh;
			shellScript = "diff \"${PODS_PODFILE_DIR_PATH}/Podfile.lock\" \"${PODS_ROOT}/Manifest.lock\" > /dev/null\nif [ $? != 0 ] ; then\n    # print error to STDERR\n    echo \"error: The sandbox is not in sync with the Podfile.lock. Run 'pod install' or update your CocoaPods installation.\" >&2\n    exit 1\nfi\n# This output is used by Xcode 'outputs' to avoid re-running this script phase.\necho \"SUCCESS\" > \"${SCRIPT_OUTPUT_FILE_0}\"\n";
			showEnvVarsInLog = 0;
		};
		B210976D778D10862DA61AA9 /* [CP] Check Pods Manifest.lock */ = {
			isa = PBXShellScriptBuildPhase;
			buildActionMask = 2147483647;
			files = (
			);
			inputFileListPaths = (
			);
			inputPaths = (
				"${PODS_PODFILE_DIR_PATH}/Podfile.lock",
				"${PODS_ROOT}/Manifest.lock",
			);
			name = "[CP] Check Pods Manifest.lock";
			outputFileListPaths = (
			);
			outputPaths = (
				"$(DERIVED_FILE_DIR)/Pods-07-GesturesAndCoco-07-GesturesAndCocoUITests-checkManifestLockResult.txt",
			);
			runOnlyForDeploymentPostprocessing = 0;
			shellPath = /bin/sh;
			shellScript = "diff \"${PODS_PODFILE_DIR_PATH}/Podfile.lock\" \"${PODS_ROOT}/Manifest.lock\" > /dev/null\nif [ $? != 0 ] ; then\n    # print error to STDERR\n    echo \"error: The sandbox is not in sync with the Podfile.lock. Run 'pod install' or update your CocoaPods installation.\" >&2\n    exit 1\nfi\n# This output is used by Xcode 'outputs' to avoid re-running this script phase.\necho \"SUCCESS\" > \"${SCRIPT_OUTPUT_FILE_0}\"\n";
			showEnvVarsInLog = 0;
		};
		E90A2FDFEFBD475DD071AF3A /* [CP] Check Pods Manifest.lock */ = {
			isa = PBXShellScriptBuildPhase;
			buildActionMask = 2147483647;
			files = (
			);
			inputFileListPaths = (
			);
			inputPaths = (
				"${PODS_PODFILE_DIR_PATH}/Podfile.lock",
				"${PODS_ROOT}/Manifest.lock",
			);
			name = "[CP] Check Pods Manifest.lock";
			outputFileListPaths = (
			);
			outputPaths = (
				"$(DERIVED_FILE_DIR)/Pods-07-GesturesAndCocoTests-checkManifestLockResult.txt",
			);
			runOnlyForDeploymentPostprocessing = 0;
			shellPath = /bin/sh;
			shellScript = "diff \"${PODS_PODFILE_DIR_PATH}/Podfile.lock\" \"${PODS_ROOT}/Manifest.lock\" > /dev/null\nif [ $? != 0 ] ; then\n    # print error to STDERR\n    echo \"error: The sandbox is not in sync with the Podfile.lock. Run 'pod install' or update your CocoaPods installation.\" >&2\n    exit 1\nfi\n# This output is used by Xcode 'outputs' to avoid re-running this script phase.\necho \"SUCCESS\" > \"${SCRIPT_OUTPUT_FILE_0}\"\n";
			showEnvVarsInLog = 0;
		};
/* End PBXShellScriptBuildPhase section */

/* Begin PBXSourcesBuildPhase section */
		95C52669256BDCEF00F75FDB /* Sources */ = {
			isa = PBXSourcesBuildPhase;
			buildActionMask = 2147483647;
			files = (
				95C52675256BDCEF00F75FDB /* ViewController.swift in Sources */,
				95C526BD256BE7EA00F75FDB /* ColorPicker.swift in Sources */,
				95C52671256BDCEF00F75FDB /* AppDelegate.swift in Sources */,
				95C52673256BDCEF00F75FDB /* SceneDelegate.swift in Sources */,
			);
			runOnlyForDeploymentPostprocessing = 0;
		};
		95C5267F256BDCF100F75FDB /* Sources */ = {
			isa = PBXSourcesBuildPhase;
			buildActionMask = 2147483647;
			files = (
				95C52688256BDCF100F75FDB /* _7_GesturesAndCocoTests.swift in Sources */,
			);
			runOnlyForDeploymentPostprocessing = 0;
		};
		95C5268A256BDCF100F75FDB /* Sources */ = {
			isa = PBXSourcesBuildPhase;
			buildActionMask = 2147483647;
			files = (
				95C52693256BDCF100F75FDB /* _7_GesturesAndCocoUITests.swift in Sources */,
			);
			runOnlyForDeploymentPostprocessing = 0;
		};
/* End PBXSourcesBuildPhase section */

/* Begin PBXTargetDependency section */
		95C52685256BDCF100F75FDB /* PBXTargetDependency */ = {
			isa = PBXTargetDependency;
			target = 95C5266C256BDCEF00F75FDB /* 07-GesturesAndCoco */;
			targetProxy = 95C52684256BDCF100F75FDB /* PBXContainerItemProxy */;
		};
		95C52690256BDCF100F75FDB /* PBXTargetDependency */ = {
			isa = PBXTargetDependency;
			target = 95C5266C256BDCEF00F75FDB /* 07-GesturesAndCoco */;
			targetProxy = 95C5268F256BDCF100F75FDB /* PBXContainerItemProxy */;
		};
/* End PBXTargetDependency section */

/* Begin PBXVariantGroup section */
		95C52676256BDCEF00F75FDB /* Main.storyboard */ = {
			isa = PBXVariantGroup;
			children = (
				95C52677256BDCEF00F75FDB /* Base */,
			);
			name = Main.storyboard;
			sourceTree = "<group>";
		};
		95C5267B256BDCF100F75FDB /* LaunchScreen.storyboard */ = {
			isa = PBXVariantGroup;
			children = (
				95C5267C256BDCF100F75FDB /* Base */,
			);
			name = LaunchScreen.storyboard;
			sourceTree = "<group>";
		};
/* End PBXVariantGroup section */

/* Begin XCBuildConfiguration section */
		95C52695256BDCF100F75FDB /* Debug */ = {
			isa = XCBuildConfiguration;
			buildSettings = {
				ALWAYS_SEARCH_USER_PATHS = NO;
				CLANG_ANALYZER_NONNULL = YES;
				CLANG_ANALYZER_NUMBER_OBJECT_CONVERSION = YES_AGGRESSIVE;
				CLANG_CXX_LANGUAGE_STANDARD = "gnu++14";
				CLANG_CXX_LIBRARY = "libc++";
				CLANG_ENABLE_MODULES = YES;
				CLANG_ENABLE_OBJC_ARC = YES;
				CLANG_ENABLE_OBJC_WEAK = YES;
				CLANG_WARN_BLOCK_CAPTURE_AUTORELEASING = YES;
				CLANG_WARN_BOOL_CONVERSION = YES;
				CLANG_WARN_COMMA = YES;
				CLANG_WARN_CONSTANT_CONVERSION = YES;
				CLANG_WARN_DEPRECATED_OBJC_IMPLEMENTATIONS = YES;
				CLANG_WARN_DIRECT_OBJC_ISA_USAGE = YES_ERROR;
				CLANG_WARN_DOCUMENTATION_COMMENTS = YES;
				CLANG_WARN_EMPTY_BODY = YES;
				CLANG_WARN_ENUM_CONVERSION = YES;
				CLANG_WARN_INFINITE_RECURSION = YES;
				CLANG_WARN_INT_CONVERSION = YES;
				CLANG_WARN_NON_LITERAL_NULL_CONVERSION = YES;
				CLANG_WARN_OBJC_IMPLICIT_RETAIN_SELF = YES;
				CLANG_WARN_OBJC_LITERAL_CONVERSION = YES;
				CLANG_WARN_OBJC_ROOT_CLASS = YES_ERROR;
				CLANG_WARN_QUOTED_INCLUDE_IN_FRAMEWORK_HEADER = YES;
				CLANG_WARN_RANGE_LOOP_ANALYSIS = YES;
				CLANG_WARN_STRICT_PROTOTYPES = YES;
				CLANG_WARN_SUSPICIOUS_MOVE = YES;
				CLANG_WARN_UNGUARDED_AVAILABILITY = YES_AGGRESSIVE;
				CLANG_WARN_UNREACHABLE_CODE = YES;
				CLANG_WARN__DUPLICATE_METHOD_MATCH = YES;
				COPY_PHASE_STRIP = NO;
				DEBUG_INFORMATION_FORMAT = dwarf;
				ENABLE_STRICT_OBJC_MSGSEND = YES;
				ENABLE_TESTABILITY = YES;
				GCC_C_LANGUAGE_STANDARD = gnu11;
				GCC_DYNAMIC_NO_PIC = NO;
				GCC_NO_COMMON_BLOCKS = YES;
				GCC_OPTIMIZATION_LEVEL = 0;
				GCC_PREPROCESSOR_DEFINITIONS = (
					"DEBUG=1",
					"$(inherited)",
				);
				GCC_WARN_64_TO_32_BIT_CONVERSION = YES;
				GCC_WARN_ABOUT_RETURN_TYPE = YES_ERROR;
				GCC_WARN_UNDECLARED_SELECTOR = YES;
				GCC_WARN_UNINITIALIZED_AUTOS = YES_AGGRESSIVE;
				GCC_WARN_UNUSED_FUNCTION = YES;
				GCC_WARN_UNUSED_VARIABLE = YES;
				IPHONEOS_DEPLOYMENT_TARGET = 14.2;
				MTL_ENABLE_DEBUG_INFO = INCLUDE_SOURCE;
				MTL_FAST_MATH = YES;
				ONLY_ACTIVE_ARCH = YES;
				SDKROOT = iphoneos;
				SWIFT_ACTIVE_COMPILATION_CONDITIONS = DEBUG;
				SWIFT_OPTIMIZATION_LEVEL = "-Onone";
			};
			name = Debug;
		};
		95C52696256BDCF100F75FDB /* Release */ = {
			isa = XCBuildConfiguration;
			buildSettings = {
				ALWAYS_SEARCH_USER_PATHS = NO;
				CLANG_ANALYZER_NONNULL = YES;
				CLANG_ANALYZER_NUMBER_OBJECT_CONVERSION = YES_AGGRESSIVE;
				CLANG_CXX_LANGUAGE_STANDARD = "gnu++14";
				CLANG_CXX_LIBRARY = "libc++";
				CLANG_ENABLE_MODULES = YES;
				CLANG_ENABLE_OBJC_ARC = YES;
				CLANG_ENABLE_OBJC_WEAK = YES;
				CLANG_WARN_BLOCK_CAPTURE_AUTORELEASING = YES;
				CLANG_WARN_BOOL_CONVERSION = YES;
				CLANG_WARN_COMMA = YES;
				CLANG_WARN_CONSTANT_CONVERSION = YES;
				CLANG_WARN_DEPRECATED_OBJC_IMPLEMENTATIONS = YES;
				CLANG_WARN_DIRECT_OBJC_ISA_USAGE = YES_ERROR;
				CLANG_WARN_DOCUMENTATION_COMMENTS = YES;
				CLANG_WARN_EMPTY_BODY = YES;
				CLANG_WARN_ENUM_CONVERSION = YES;
				CLANG_WARN_INFINITE_RECURSION = YES;
				CLANG_WARN_INT_CONVERSION = YES;
				CLANG_WARN_NON_LITERAL_NULL_CONVERSION = YES;
				CLANG_WARN_OBJC_IMPLICIT_RETAIN_SELF = YES;
				CLANG_WARN_OBJC_LITERAL_CONVERSION = YES;
				CLANG_WARN_OBJC_ROOT_CLASS = YES_ERROR;
				CLANG_WARN_QUOTED_INCLUDE_IN_FRAMEWORK_HEADER = YES;
				CLANG_WARN_RANGE_LOOP_ANALYSIS = YES;
				CLANG_WARN_STRICT_PROTOTYPES = YES;
				CLANG_WARN_SUSPICIOUS_MOVE = YES;
				CLANG_WARN_UNGUARDED_AVAILABILITY = YES_AGGRESSIVE;
				CLANG_WARN_UNREACHABLE_CODE = YES;
				CLANG_WARN__DUPLICATE_METHOD_MATCH = YES;
				COPY_PHASE_STRIP = NO;
				DEBUG_INFORMATION_FORMAT = "dwarf-with-dsym";
				ENABLE_NS_ASSERTIONS = NO;
				ENABLE_STRICT_OBJC_MSGSEND = YES;
				GCC_C_LANGUAGE_STANDARD = gnu11;
				GCC_NO_COMMON_BLOCKS = YES;
				GCC_WARN_64_TO_32_BIT_CONVERSION = YES;
				GCC_WARN_ABOUT_RETURN_TYPE = YES_ERROR;
				GCC_WARN_UNDECLARED_SELECTOR = YES;
				GCC_WARN_UNINITIALIZED_AUTOS = YES_AGGRESSIVE;
				GCC_WARN_UNUSED_FUNCTION = YES;
				GCC_WARN_UNUSED_VARIABLE = YES;
				IPHONEOS_DEPLOYMENT_TARGET = 14.2;
				MTL_ENABLE_DEBUG_INFO = NO;
				MTL_FAST_MATH = YES;
				SDKROOT = iphoneos;
				SWIFT_COMPILATION_MODE = wholemodule;
				SWIFT_OPTIMIZATION_LEVEL = "-O";
				VALIDATE_PRODUCT = YES;
			};
			name = Release;
		};
		95C52698256BDCF100F75FDB /* Debug */ = {
			isa = XCBuildConfiguration;
			baseConfigurationReference = 85BD487D778F383A6962094E /* Pods-07-GesturesAndCoco.debug.xcconfig */;
			buildSettings = {
				ASSETCATALOG_COMPILER_APPICON_NAME = AppIcon;
				ASSETCATALOG_COMPILER_GLOBAL_ACCENT_COLOR_NAME = AccentColor;
				CODE_SIGN_STYLE = Automatic;
				INFOPLIST_FILE = "07-GesturesAndCoco/Info.plist";
				LD_RUNPATH_SEARCH_PATHS = (
					"$(inherited)",
					"@executable_path/Frameworks",
				);
				PRODUCT_BUNDLE_IDENTIFIER = "com.jermerf.-7-GesturesAndCoco";
				PRODUCT_NAME = "$(TARGET_NAME)";
				SWIFT_VERSION = 5.0;
				TARGETED_DEVICE_FAMILY = "1,2";
			};
			name = Debug;
		};
		95C52699256BDCF100F75FDB /* Release */ = {
			isa = XCBuildConfiguration;
			baseConfigurationReference = B975C53DA1953E07CE93917D /* Pods-07-GesturesAndCoco.release.xcconfig */;
			buildSettings = {
				ASSETCATALOG_COMPILER_APPICON_NAME = AppIcon;
				ASSETCATALOG_COMPILER_GLOBAL_ACCENT_COLOR_NAME = AccentColor;
				CODE_SIGN_STYLE = Automatic;
				INFOPLIST_FILE = "07-GesturesAndCoco/Info.plist";
				LD_RUNPATH_SEARCH_PATHS = (
					"$(inherited)",
					"@executable_path/Frameworks",
				);
				PRODUCT_BUNDLE_IDENTIFIER = "com.jermerf.-7-GesturesAndCoco";
				PRODUCT_NAME = "$(TARGET_NAME)";
				SWIFT_VERSION = 5.0;
				TARGETED_DEVICE_FAMILY = "1,2";
			};
			name = Release;
		};
		95C5269B256BDCF100F75FDB /* Debug */ = {
			isa = XCBuildConfiguration;
			baseConfigurationReference = F873280C35E0C16DF60CB77E /* Pods-07-GesturesAndCocoTests.debug.xcconfig */;
			buildSettings = {
				ALWAYS_EMBED_SWIFT_STANDARD_LIBRARIES = YES;
				BUNDLE_LOADER = "$(TEST_HOST)";
				CODE_SIGN_STYLE = Automatic;
				INFOPLIST_FILE = "07-GesturesAndCocoTests/Info.plist";
				IPHONEOS_DEPLOYMENT_TARGET = 14.2;
				LD_RUNPATH_SEARCH_PATHS = (
					"$(inherited)",
					"@executable_path/Frameworks",
					"@loader_path/Frameworks",
				);
				PRODUCT_BUNDLE_IDENTIFIER = "com.jermerf.-7-GesturesAndCocoTests";
				PRODUCT_NAME = "$(TARGET_NAME)";
				SWIFT_VERSION = 5.0;
				TARGETED_DEVICE_FAMILY = "1,2";
				TEST_HOST = "$(BUILT_PRODUCTS_DIR)/07-GesturesAndCoco.app/07-GesturesAndCoco";
			};
			name = Debug;
		};
		95C5269C256BDCF100F75FDB /* Release */ = {
			isa = XCBuildConfiguration;
			baseConfigurationReference = AC687958F540904F1848D841 /* Pods-07-GesturesAndCocoTests.release.xcconfig */;
			buildSettings = {
				ALWAYS_EMBED_SWIFT_STANDARD_LIBRARIES = YES;
				BUNDLE_LOADER = "$(TEST_HOST)";
				CODE_SIGN_STYLE = Automatic;
				INFOPLIST_FILE = "07-GesturesAndCocoTests/Info.plist";
				IPHONEOS_DEPLOYMENT_TARGET = 14.2;
				LD_RUNPATH_SEARCH_PATHS = (
					"$(inherited)",
					"@executable_path/Frameworks",
					"@loader_path/Frameworks",
				);
				PRODUCT_BUNDLE_IDENTIFIER = "com.jermerf.-7-GesturesAndCocoTests";
				PRODUCT_NAME = "$(TARGET_NAME)";
				SWIFT_VERSION = 5.0;
				TARGETED_DEVICE_FAMILY = "1,2";
				TEST_HOST = "$(BUILT_PRODUCTS_DIR)/07-GesturesAndCoco.app/07-GesturesAndCoco";
			};
			name = Release;
		};
		95C5269E256BDCF100F75FDB /* Debug */ = {
			isa = XCBuildConfiguration;
			baseConfigurationReference = 2B4A431A33662FE947649327 /* Pods-07-GesturesAndCoco-07-GesturesAndCocoUITests.debug.xcconfig */;
			buildSettings = {
				ALWAYS_EMBED_SWIFT_STANDARD_LIBRARIES = YES;
				CODE_SIGN_STYLE = Automatic;
				INFOPLIST_FILE = "07-GesturesAndCocoUITests/Info.plist";
				LD_RUNPATH_SEARCH_PATHS = (
					"$(inherited)",
					"@executable_path/Frameworks",
					"@loader_path/Frameworks",
				);
				PRODUCT_BUNDLE_IDENTIFIER = "com.jermerf.-7-GesturesAndCocoUITests";
				PRODUCT_NAME = "$(TARGET_NAME)";
				SWIFT_VERSION = 5.0;
				TARGETED_DEVICE_FAMILY = "1,2";
				TEST_TARGET_NAME = "07-GesturesAndCoco";
			};
			name = Debug;
		};
		95C5269F256BDCF100F75FDB /* Release */ = {
			isa = XCBuildConfiguration;
			baseConfigurationReference = BB99DC44D0D02782F2CEF913 /* Pods-07-GesturesAndCoco-07-GesturesAndCocoUITests.release.xcconfig */;
			buildSettings = {
				ALWAYS_EMBED_SWIFT_STANDARD_LIBRARIES = YES;
				CODE_SIGN_STYLE = Automatic;
				INFOPLIST_FILE = "07-GesturesAndCocoUITests/Info.plist";
				LD_RUNPATH_SEARCH_PATHS = (
					"$(inherited)",
					"@executable_path/Frameworks",
					"@loader_path/Frameworks",
				);
				PRODUCT_BUNDLE_IDENTIFIER = "com.jermerf.-7-GesturesAndCocoUITests";
				PRODUCT_NAME = "$(TARGET_NAME)";
				SWIFT_VERSION = 5.0;
				TARGETED_DEVICE_FAMILY = "1,2";
				TEST_TARGET_NAME = "07-GesturesAndCoco";
			};
			name = Release;
		};
/* End XCBuildConfiguration section */

/* Begin XCConfigurationList section */
		95C52668256BDCEF00F75FDB /* Build configuration list for PBXProject "07-GesturesAndCoco" */ = {
			isa = XCConfigurationList;
			buildConfigurations = (
				95C52695256BDCF100F75FDB /* Debug */,
				95C52696256BDCF100F75FDB /* Release */,
			);
			defaultConfigurationIsVisible = 0;
			defaultConfigurationName = Release;
		};
		95C52697256BDCF100F75FDB /* Build configuration list for PBXNativeTarget "07-GesturesAndCoco" */ = {
			isa = XCConfigurationList;
			buildConfigurations = (
				95C52698256BDCF100F75FDB /* Debug */,
				95C52699256BDCF100F75FDB /* Release */,
			);
			defaultConfigurationIsVisible = 0;
			defaultConfigurationName = Release;
		};
		95C5269A256BDCF100F75FDB /* Build configuration list for PBXNativeTarget "07-GesturesAndCocoTests" */ = {
			isa = XCConfigurationList;
			buildConfigurations = (
				95C5269B256BDCF100F75FDB /* Debug */,
				95C5269C256BDCF100F75FDB /* Release */,
			);
			defaultConfigurationIsVisible = 0;
			defaultConfigurationName = Release;
		};
		95C5269D256BDCF100F75FDB /* Build configuration list for PBXNativeTarget "07-GesturesAndCocoUITests" */ = {
			isa = XCConfigurationList;
			buildConfigurations = (
				95C5269E256BDCF100F75FDB /* Debug */,
				95C5269F256BDCF100F75FDB /* Release */,
			);
			defaultConfigurationIsVisible = 0;
			defaultConfigurationName = Release;
		};
/* End XCConfigurationList section */
	};
	rootObject = 95C52665256BDCEF00F75FDB /* Project object */;
}
